<?xml version="1.0" encoding="utf-8"?>
<Project ToolsVersion="4.0" xmlns="http://schemas.microsoft.com/developer/msbuild/2003">
  <ItemGroup>
    <Filter Include="Source Files">
      <UniqueIdentifier>{4FC737F1-C7A5-4376-A066-2A32D752A2FF}</UniqueIdentifier>
      <Extensions>cpp;c;cc;cxx;def;odl;idl;hpj;bat;asm;asmx</Extensions>
    </Filter>
    <Filter Include="Header Files">
      <UniqueIdentifier>{93995380-89BD-4b04-88EB-625FBE52EBFB}</UniqueIdentifier>
      <Extensions>h;hh;hpp;hxx;hm;inl;inc;xsd</Extensions>
    </Filter>
    <Filter Include="Resource Files">
      <UniqueIdentifier>{67DA6AB6-F800-4c08-8B7A-83BB121AAD01}</UniqueIdentifier>
      <Extensions>rc;ico;cur;bmp;dlg;rc2;rct;bin;rgs;gif;jpg;jpeg;jpe;resx;tiff;tif;png;wav;mfcribbon-ms</Extensions>
    </Filter>
    <Filter Include="Source Files\cross based with oii kernels">
      <UniqueIdentifier>{4c67644c-85f6-4996-a618-7376569717cd}</UniqueIdentifier>
    </Filter>
    <Filter Include="Source Files\iterative refinement kernels">
      <UniqueIdentifier>{d0e06c3f-f827-4ffd-83db-f5b251a2e187}</UniqueIdentifier>
    </Filter>
  </ItemGroup>
  <ItemGroup>
    <ClCompile Include="lodepng.cpp">
      <Filter>Source Files</Filter>
    </ClCompile>
    <ClCompile Include="main.cpp">
      <Filter>Source Files</Filter>
    </ClCompile>
  </ItemGroup>
  <ItemGroup>
    <ClInclude Include="lodepng.h">
      <Filter>Header Files</Filter>
    </ClInclude>
    <ClInclude Include="main.h">
      <Filter>Header Files</Filter>
    </ClInclude>
  </ItemGroup>
  <ItemGroup>
    <None Include="kernels\aggregation.cl">
      <Filter>Source Files\cross based with oii kernels</Filter>
    </None>
    <None Include="kernels\cross.cl">
      <Filter>Source Files\cross based with oii kernels</Filter>
    </None>
    <None Include="kernels\disparity.cl">
      <Filter>Source Files\cross based with oii kernels</Filter>
    </None>
    <None Include="kernels\init_disparity.cl">
      <Filter>Source Files\cross based with oii kernels</Filter>
    </None>
    <None Include="kernels\integral_h.cl">
      <Filter>Source Files\cross based with oii kernels</Filter>
    </None>
    <None Include="kernels\integral_v.cl">
      <Filter>Source Files\cross based with oii kernels</Filter>
    </None>
    <None Include="kernels\median.cl">
      <Filter>Source Files\cross based with oii kernels</Filter>
    </None>
    <None Include="kernels\oii_hcross.cl">
      <Filter>Source Files\cross based with oii kernels</Filter>
    </None>
    <None Include="kernels\oii_vcross.cl">
      <Filter>Source Files\cross based with oii kernels</Filter>
    </None>
    <None Include="kernels\asw_hsupport.cl">
      <Filter>Source Files\iterative refinement kernels</Filter>
    </None>
    <None Include="kernels\asw_vsupport.cl">
      <Filter>Source Files\iterative refinement kernels</Filter>
    </None>
  </ItemGroup>
</Project>